
Microsoft Visual Studio Solution File, Format Version 12.00
# Visual Studio Version 16
VisualStudioVersion = 16.0.29215.179
MinimumVisualStudioVersion = 10.0.40219.1
Project("{FAE04EC0-301F-11D3-BF4B-00C04F79EFBC}") = "TabControlColoredTextBox", "TabControlColoredTextBox\TabControlColoredTextBox.csproj", "{A498D9FE-0784-41CB-BC54-1F9B88338F0B}"
EndProject
Global
	GlobalSection(SolutionConfigurationPlatforms) = preSolution
		Debug|Any CPU = Debug|Any CPU
		Release|Any CPU = Release|Any CPU
	EndGlobalSection
	GlobalSection(ProjectConfigurationPlatforms) = postSolution
		{A498D9FE-0784-41CB-BC54-1F9B88338F0B}.Debug|Any CPU.ActiveCfg = Debug|Any CPU
		{A498D9FE-0784-41CB-BC54-1F9B88338F0B}.Debug|Any CPU.Build.0 = Debug|Any CPU
		{A498D9FE-0784-41CB-BC54-1F9B88338F0B}.Release|Any CPU.ActiveCfg = Release|Any CPU
		{A498D9FE-0784-41CB-BC54-1F9B88338F0B}.Release|Any CPU.Build.0 = Release|Any CPU
	EndGlobalSection
	GlobalSection(SolutionProperties) = preSolution
		HideSolutionNode = FALSE
	EndGlobalSection
	GlobalSection(ExtensibilityGlobals) = postSolution
		SolutionGuid = {6309FE3B-66CB-43A4-8D17-963A70BE8C25}
	EndGlobalSection
EndGlobal
